
Microsoft Visual Studio Solution File, Format Version 12.00
# Visual Studio Version 16
VisualStudioVersion = 16.0.30413.136
MinimumVisualStudioVersion = 10.0.40219.1
Project("{FAE04EC0-301F-11D3-BF4B-00C04F79EFBC}") = "XamSQLite.UWP", "XamSQLite\XamSQLite.UWP\XamSQLite.UWP.csproj", "{C547D565-5EDD-4D99-B01D-3884881942FE}"
EndProject
Project("{FAE04EC0-301F-11D3-BF4B-00C04F79EFBC}") = "XamSQLite.Android", "XamSQLite\XamSQLite.Android\XamSQLite.Android.csproj", "{9CCF0D3F-04B6-43E5-8B7C-C46D556654D2}"
EndProject
Project("{FAE04EC0-301F-11D3-BF4B-00C04F79EFBC}") = "XamSQLite.iOS", "XamSQLite\XamSQLite.iOS\XamSQLite.iOS.csproj", "{A0FEDA13-6788-4D8A-99E4-21A7B9E09E77}"
EndProject
Project("{FAE04EC0-301F-11D3-BF4B-00C04F79EFBC}") = "XamSQLite", "XamSQLite\XamSQLite\XamSQLite.csproj", "{5FFB9470-65AB-4EAE-B830-49F4D586A1DF}"
EndProject
Global
	GlobalSection(SolutionConfigurationPlatforms) = preSolution
		Debug|Any CPU = Debug|Any CPU
		Debug|ARM = Debug|ARM
		Debug|iPhone = Debug|iPhone
		Debug|iPhoneSimulator = Debug|iPhoneSimulator
		Debug|x64 = Debug|x64
		Debug|x86 = Debug|x86
		Release|Any CPU = Release|Any CPU
		Release|ARM = Release|ARM
		Release|iPhone = Release|iPhone
		Release|iPhoneSimulator = Release|iPhoneSimulator
		Release|x64 = Release|x64
		Release|x86 = Release|x86
	EndGlobalSection
	GlobalSection(ProjectConfigurationPlatforms) = postSolution
		{C547D565-5EDD-4D99-B01D-3884881942FE}.Debug|Any CPU.ActiveCfg = Debug|x86
		{C547D565-5EDD-4D99-B01D-3884881942FE}.Debug|Any CPU.Build.0 = Debug|x86
		{C547D565-5EDD-4D99-B01D-3884881942FE}.Debug|Any CPU.Deploy.0 = Debug|x86
		{C547D565-5EDD-4D99-B01D-3884881942FE}.Debug|ARM.ActiveCfg = Debug|ARM
		{C547D565-5EDD-4D99-B01D-3884881942FE}.Debug|ARM.Build.0 = Debug|ARM
		{C547D565-5EDD-4D99-B01D-3884881942FE}.Debug|ARM.Deploy.0 = Debug|ARM
		{C547D565-5EDD-4D99-B01D-3884881942FE}.Debug|iPhone.ActiveCfg = Debug|x86
		{C547D565-5EDD-4D99-B01D-3884881942FE}.Debug|iPhone.Build.0 = Debug|x86
		{C547D565-5EDD-4D99-B01D-3884881942FE}.Debug|iPhone.Deploy.0 = Debug|x86
		{C547D565-5EDD-4D99-B01D-3884881942FE}.Debug|iPhoneSimulator.ActiveCfg = Debug|x86
		{C547D565-5EDD-4D99-B01D-3884881942FE}.Debug|iPhoneSimulator.Build.0 = Debug|x86
		{C547D565-5EDD-4D99-B01D-3884881942FE}.Debug|iPhoneSimulator.Deploy.0 = Debug|x86
		{C547D565-5EDD-4D99-B01D-3884881942FE}.Debug|x64.ActiveCfg = Debug|x64
		{C547D565-5EDD-4D99-B01D-3884881942FE}.Debug|x64.Build.0 = Debug|x64
		{C547D565-5EDD-4D99-B01D-3884881942FE}.Debug|x64.Deploy.0 = Debug|x64
		{C547D565-5EDD-4D99-B01D-3884881942FE}.Debug|x86.ActiveCfg = Debug|x86
		{C547D565-5EDD-4D99-B01D-3884881942FE}.Debug|x86.Build.0 = Debug|x86
		{C547D565-5EDD-4D99-B01D-3884881942FE}.Debug|x86.Deploy.0 = Debug|x86
		{C547D565-5EDD-4D99-B01D-3884881942FE}.Release|Any CPU.ActiveCfg = Release|x86
		{C547D565-5EDD-4D99-B01D-3884881942FE}.Release|Any CPU.Build.0 = Release|x86
		{C547D565-5EDD-4D99-B01D-3884881942FE}.Release|Any CPU.Deploy.0 = Release|x86
		{C547D565-5EDD-4D99-B01D-3884881942FE}.Release|ARM.ActiveCfg = Release|ARM
		{C547D565-5EDD-4D99-B01D-3884881942FE}.Release|ARM.Build.0 = Release|ARM
		{C547D565-5EDD-4D99-B01D-3884881942FE}.Release|ARM.Deploy.0 = Release|ARM
		{C547D565-5EDD-4D99-B01D-3884881942FE}.Release|iPhone.ActiveCfg = Release|x86
		{C547D565-5EDD-4D99-B01D-3884881942FE}.Release|iPhone.Build.0 = Release|x86
		{C547D565-5EDD-4D99-B01D-3884881942FE}.Release|iPhone.Deploy.0 = Release|x86
		{C547D565-5EDD-4D99-B01D-3884881942FE}.Release|iPhoneSimulator.ActiveCfg = Release|x86
		{C547D565-5EDD-4D99-B01D-3884881942FE}.Release|iPhoneSimulator.Build.0 = Release|x86
		{C547D565-5EDD-4D99-B01D-3884881942FE}.Release|iPhoneSimulator.Deploy.0 = Release|x86
		{C547D565-5EDD-4D99-B01D-3884881942FE}.Release|x64.ActiveCfg = Release|x64
		{C547D565-5EDD-4D99-B01D-3884881942FE}.Release|x64.Build.0 = Release|x64
		{C547D565-5EDD-4D99-B01D-3884881942FE}.Release|x64.Deploy.0 = Release|x64
		{C547D565-5EDD-4D99-B01D-3884881942FE}.Release|x86.ActiveCfg = Release|x86
		{C547D565-5EDD-4D99-B01D-3884881942FE}.Release|x86.Build.0 = Release|x86
		{C547D565-5EDD-4D99-B01D-3884881942FE}.Release|x86.Deploy.0 = Release|x86
		{9CCF0D3F-04B6-43E5-8B7C-C46D556654D2}.Debug|Any CPU.ActiveCfg = Debug|Any CPU
		{9CCF0D3F-04B6-43E5-8B7C-C46D556654D2}.Debug|Any CPU.Build.0 = Debug|Any CPU
		{9CCF0D3F-04B6-43E5-8B7C-C46D556654D2}.Debug|Any CPU.Deploy.0 = Debug|Any CPU
		{9CCF0D3F-04B6-43E5-8B7C-C46D556654D2}.Debug|ARM.ActiveCfg = Debug|Any CPU
		{9CCF0D3F-04B6-43E5-8B7C-C46D556654D2}.Debug|ARM.Build.0 = Debug|Any CPU
		{9CCF0D3F-04B6-43E5-8B7C-C46D556654D2}.Debug|ARM.Deploy.0 = Debug|Any CPU
		{9CCF0D3F-04B6-43E5-8B7C-C46D556654D2}.Debug|iPhone.ActiveCfg = Debug|Any CPU
		{9CCF0D3F-04B6-43E5-8B7C-C46D556654D2}.Debug|iPhone.Build.0 = Debug|Any CPU
		{9CCF0D3F-04B6-43E5-8B7C-C46D556654D2}.Debug|iPhone.Deploy.0 = Debug|Any CPU
		{9CCF0D3F-04B6-43E5-8B7C-C46D556654D2}.Debug|iPhoneSimulator.ActiveCfg = Debug|Any CPU
		{9CCF0D3F-04B6-43E5-8B7C-C46D556654D2}.Debug|iPhoneSimulator.Build.0 = Debug|Any CPU
		{9CCF0D3F-04B6-43E5-8B7C-C46D556654D2}.Debug|iPhoneSimulator.Deploy.0 = Debug|Any CPU
		{9CCF0D3F-04B6-43E5-8B7C-C46D556654D2}.Debug|x64.ActiveCfg = Debug|Any CPU
		{9CCF0D3F-04B6-43E5-8B7C-C46D556654D2}.Debug|x64.Build.0 = Debug|Any CPU
		{9CCF0D3F-04B6-43E5-8B7C-C46D556654D2}.Debug|x64.Deploy.0 = Debug|Any CPU
		{9CCF0D3F-04B6-43E5-8B7C-C46D556654D2}.Debug|x86.ActiveCfg = Debug|Any CPU
		{9CCF0D3F-04B6-43E5-8B7C-C46D556654D2}.Debug|x86.Build.0 = Debug|Any CPU
		{9CCF0D3F-04B6-43E5-8B7C-C46D556654D2}.Debug|x86.Deploy.0 = Debug|Any CPU
		{9CCF0D3F-04B6-43E5-8B7C-C46D556654D2}.Release|Any CPU.ActiveCfg = Release|Any CPU
		{9CCF0D3F-04B6-43E5-8B7C-C46D556654D2}.Release|Any CPU.Build.0 = Release|Any CPU
		{9CCF0D3F-04B6-43E5-8B7C-C46D556654D2}.Release|Any CPU.Deploy.0 = Release|Any CPU
		{9CCF0D3F-04B6-43E5-8B7C-C46D556654D2}.Release|ARM.ActiveCfg = Release|Any CPU
		{9CCF0D3F-04B6-43E5-8B7C-C46D556654D2}.Release|ARM.Build.0 = Release|Any CPU
		{9CCF0D3F-04B6-43E5-8B7C-C46D556654D2}.Release|ARM.Deploy.0 = Release|Any CPU
		{9CCF0D3F-04B6-43E5-8B7C-C46D556654D2}.Release|iPhone.ActiveCfg = Release|Any CPU
		{9CCF0D3F-04B6-43E5-8B7C-C46D556654D2}.Release|iPhone.Build.0 = Release|Any CPU
		{9CCF0D3F-04B6-43E5-8B7C-C46D556654D2}.Release|iPhone.Deploy.0 = Release|Any CPU
		{9CCF0D3F-04B6-43E5-8B7C-C46D556654D2}.Release|iPhoneSimulator.ActiveCfg = Release|Any CPU
		{9CCF0D3F-04B6-43E5-8B7C-C46D556654D2}.Release|iPhoneSimulator.Build.0 = Release|Any CPU
		{9CCF0D3F-04B6-43E5-8B7C-C46D556654D2}.Release|iPhoneSimulator.Deploy.0 = Release|Any CPU
		{9CCF0D3F-04B6-43E5-8B7C-C46D556654D2}.Release|x64.ActiveCfg = Release|Any CPU
		{9CCF0D3F-04B6-43E5-8B7C-C46D556654D2}.Release|x64.Build.0 = Release|Any CPU
		{9CCF0D3F-04B6-43E5-8B7C-C46D556654D2}.Release|x64.Deploy.0 = Release|Any CPU
		{9CCF0D3F-04B6-43E5-8B7C-C46D556654D2}.Release|x86.ActiveCfg = Release|Any CPU
		{9CCF0D3F-04B6-43E5-8B7C-C46D556654D2}.Release|x86.Build.0 = Release|Any CPU
		{9CCF0D3F-04B6-43E5-8B7C-C46D556654D2}.Release|x86.Deploy.0 = Release|Any CPU
		{A0FEDA13-6788-4D8A-99E4-21A7B9E09E77}.Debug|Any CPU.ActiveCfg = Debug|iPhone
		{A0FEDA13-6788-4D8A-99E4-21A7B9E09E77}.Debug|Any CPU.Build.0 = Debug|iPhone
		{A0FEDA13-6788-4D8A-99E4-21A7B9E09E77}.Debug|Any CPU.Deploy.0 = Debug|iPhone
		{A0FEDA13-6788-4D8A-99E4-21A7B9E09E77}.Debug|ARM.ActiveCfg = Debug|iPhone
		{A0FEDA13-6788-4D8A-99E4-21A7B9E09E77}.Debug|ARM.Build.0 = Debug|iPhone
		{A0FEDA13-6788-4D8A-99E4-21A7B9E09E77}.Debug|ARM.Deploy.0 = Debug|iPhone
		{A0FEDA13-6788-4D8A-99E4-21A7B9E09E77}.Debug|iPhone.ActiveCfg = Debug|iPhone
		{A0FEDA13-6788-4D8A-99E4-21A7B9E09E77}.Debug|iPhone.Build.0 = Debug|iPhone
		{A0FEDA13-6788-4D8A-99E4-21A7B9E09E77}.Debug|iPhone.Deploy.0 = Debug|iPhone
		{A0FEDA13-6788-4D8A-99E4-21A7B9E09E77}.Debug|iPhoneSimulator.ActiveCfg = Debug|iPhoneSimulator
		{A0FEDA13-6788-4D8A-99E4-21A7B9E09E77}.Debug|iPhoneSimulator.Build.0 = Debug|iPhoneSimulator
		{A0FEDA13-6788-4D8A-99E4-21A7B9E09E77}.Debug|iPhoneSimulator.Deploy.0 = Debug|iPhoneSimulator
		{A0FEDA13-6788-4D8A-99E4-21A7B9E09E77}.Debug|x64.ActiveCfg = Debug|iPhone
		{A0FEDA13-6788-4D8A-99E4-21A7B9E09E77}.Debug|x64.Build.0 = Debug|iPhone
		{A0FEDA13-6788-4D8A-99E4-21A7B9E09E77}.Debug|x64.Deploy.0 = Debug|iPhone
		{A0FEDA13-6788-4D8A-99E4-21A7B9E09E77}.Debug|x86.ActiveCfg = Debug|iPhone
		{A0FEDA13-6788-4D8A-99E4-21A7B9E09E77}.Debug|x86.Build.0 = Debug|iPhone
		{A0FEDA13-6788-4D8A-99E4-21A7B9E09E77}.Debug|x86.Deploy.0 = Debug|iPhone
		{A0FEDA13-6788-4D8A-99E4-21A7B9E09E77}.Release|Any CPU.ActiveCfg = Release|iPhone
		{A0FEDA13-6788-4D8A-99E4-21A7B9E09E77}.Release|Any CPU.Build.0 = Release|iPhone
		{A0FEDA13-6788-4D8A-99E4-21A7B9E09E77}.Release|Any CPU.Deploy.0 = Release|iPhone
		{A0FEDA13-6788-4D8A-99E4-21A7B9E09E77}.Release|ARM.ActiveCfg = Release|iPhone
		{A0FEDA13-6788-4D8A-99E4-21A7B9E09E77}.Release|ARM.Build.0 = Release|iPhone
		{A0FEDA13-6788-4D8A-99E4-21A7B9E09E77}.Release|ARM.Deploy.0 = Release|iPhone
		{A0FEDA13-6788-4D8A-99E4-21A7B9E09E77}.Release|iPhone.ActiveCfg = Release|iPhone
		{A0FEDA13-6788-4D8A-99E4-21A7B9E09E77}.Release|iPhone.Build.0 = Release|iPhone
		{A0FEDA13-6788-4D8A-99E4-21A7B9E09E77}.Release|iPhone.Deploy.0 = Release|iPhone
		{A0FEDA13-6788-4D8A-99E4-21A7B9E09E77}.Release|iPhoneSimulator.ActiveCfg = Release|iPhoneSimulator
		{A0FEDA13-6788-4D8A-99E4-21A7B9E09E77}.Release|iPhoneSimulator.Build.0 = Release|iPhoneSimulator
		{A0FEDA13-6788-4D8A-99E4-21A7B9E09E77}.Release|iPhoneSimulator.Deploy.0 = Release|iPhoneSimulator
		{A0FEDA13-6788-4D8A-99E4-21A7B9E09E77}.Release|x64.ActiveCfg = Release|iPhone
		{A0FEDA13-6788-4D8A-99E4-21A7B9E09E77}.Release|x64.Build.0 = Release|iPhone
		{A0FEDA13-6788-4D8A-99E4-21A7B9E09E77}.Release|x64.Deploy.0 = Release|iPhone
		{A0FEDA13-6788-4D8A-99E4-21A7B9E09E77}.Release|x86.ActiveCfg = Release|iPhone
		{A0FEDA13-6788-4D8A-99E4-21A7B9E09E77}.Release|x86.Build.0 = Release|iPhone
		{A0FEDA13-6788-4D8A-99E4-21A7B9E09E77}.Release|x86.Deploy.0 = Release|iPhone
		{5FFB9470-65AB-4EAE-B830-49F4D586A1DF}.Debug|Any CPU.ActiveCfg = Debug|Any CPU
		{5FFB9470-65AB-4EAE-B830-49F4D586A1DF}.Debug|Any CPU.Build.0 = Debug|Any CPU
		{5FFB9470-65AB-4EAE-B830-49F4D586A1DF}.Debug|Any CPU.Deploy.0 = Debug|Any CPU
		{5FFB9470-65AB-4EAE-B830-49F4D586A1DF}.Debug|ARM.ActiveCfg = Debug|Any CPU
		{5FFB9470-65AB-4EAE-B830-49F4D586A1DF}.Debug|ARM.Build.0 = Debug|Any CPU
		{5FFB9470-65AB-4EAE-B830-49F4D586A1DF}.Debug|ARM.Deploy.0 = Debug|Any CPU
		{5FFB9470-65AB-4EAE-B830-49F4D586A1DF}.Debug|iPhone.ActiveCfg = Debug|Any CPU
		{5FFB9470-65AB-4EAE-B830-49F4D586A1DF}.Debug|iPhone.Build.0 = Debug|Any CPU
		{5FFB9470-65AB-4EAE-B830-49F4D586A1DF}.Debug|iPhone.Deploy.0 = Debug|Any CPU
		{5FFB9470-65AB-4EAE-B830-49F4D586A1DF}.Debug|iPhoneSimulator.ActiveCfg = Debug|Any CPU
		{5FFB9470-65AB-4EAE-B830-49F4D586A1DF}.Debug|iPhoneSimulator.Build.0 = Debug|Any CPU
		{5FFB9470-65AB-4EAE-B830-49F4D586A1DF}.Debug|iPhoneSimulator.Deploy.0 = Debug|Any CPU
		{5FFB9470-65AB-4EAE-B830-49F4D586A1DF}.Debug|x64.ActiveCfg = Debug|Any CPU
		{5FFB9470-65AB-4EAE-B830-49F4D586A1DF}.Debug|x64.Build.0 = Debug|Any CPU
		{5FFB9470-65AB-4EAE-B830-49F4D586A1DF}.Debug|x64.Deploy.0 = Debug|Any CPU
		{5FFB9470-65AB-4EAE-B830-49F4D586A1DF}.Debug|x86.ActiveCfg = Debug|Any CPU
		{5FFB9470-65AB-4EAE-B830-49F4D586A1DF}.Debug|x86.Build.0 = Debug|Any CPU
		{5FFB9470-65AB-4EAE-B830-49F4D586A1DF}.Debug|x86.Deploy.0 = Debug|Any CPU
		{5FFB9470-65AB-4EAE-B830-49F4D586A1DF}.Release|Any CPU.ActiveCfg = Release|Any CPU
		{5FFB9470-65AB-4EAE-B830-49F4D586A1DF}.Release|Any CPU.Build.0 = Release|Any CPU
		{5FFB9470-65AB-4EAE-B830-49F4D586A1DF}.Release|Any CPU.Deploy.0 = Release|Any CPU
		{5FFB9470-65AB-4EAE-B830-49F4D586A1DF}.Release|ARM.ActiveCfg = Release|Any CPU
		{5FFB9470-65AB-4EAE-B830-49F4D586A1DF}.Release|ARM.Build.0 = Release|Any CPU
		{5FFB9470-65AB-4EAE-B830-49F4D586A1DF}.Release|ARM.Deploy.0 = Release|Any CPU
		{5FFB9470-65AB-4EAE-B830-49F4D586A1DF}.Release|iPhone.ActiveCfg = Release|Any CPU
		{5FFB9470-65AB-4EAE-B830-49F4D586A1DF}.Release|iPhone.Build.0 = Release|Any CPU
		{5FFB9470-65AB-4EAE-B830-49F4D586A1DF}.Release|iPhone.Deploy.0 = Release|Any CPU
		{5FFB9470-65AB-4EAE-B830-49F4D586A1DF}.Release|iPhoneSimulator.ActiveCfg = Release|Any CPU
		{5FFB9470-65AB-4EAE-B830-49F4D586A1DF}.Release|iPhoneSimulator.Build.0 = Release|Any CPU
		{5FFB9470-65AB-4EAE-B830-49F4D586A1DF}.Release|iPhoneSimulator.Deploy.0 = Release|Any CPU
		{5FFB9470-65AB-4EAE-B830-49F4D586A1DF}.Release|x64.ActiveCfg = Release|Any CPU
		{5FFB9470-65AB-4EAE-B830-49F4D586A1DF}.Release|x64.Build.0 = Release|Any CPU
		{5FFB9470-65AB-4EAE-B830-49F4D586A1DF}.Release|x64.Deploy.0 = Release|Any CPU
		{5FFB9470-65AB-4EAE-B830-49F4D586A1DF}.Release|x86.ActiveCfg = Release|Any CPU
		{5FFB9470-65AB-4EAE-B830-49F4D586A1DF}.Release|x86.Build.0 = Release|Any CPU
		{5FFB9470-65AB-4EAE-B830-49F4D586A1DF}.Release|x86.Deploy.0 = Release|Any CPU
	EndGlobalSection
	GlobalSection(SolutionProperties) = preSolution
		HideSolutionNode = FALSE
	EndGlobalSection
	GlobalSection(ExtensibilityGlobals) = postSolution
		SolutionGuid = {C2D20CE5-B8FE-4FB0-A753-B256DF83FB1C}
	EndGlobalSection
EndGlobal
